
Microsoft Visual Studio Solution File, Format Version 12.00
# Visual Studio Version 17
VisualStudioVersion = 17.5.33530.505
MinimumVisualStudioVersion = 10.0.40219.1
Project("{9A19103F-16F7-4668-BE54-9A1E7A4F7556}") = "CycleWhileReturnOne", "CycleWhileReturnOne\CycleWhileReturnOne.csproj", "{E64D22A8-AF6B-43A8-9542-DE95A2B0A28C}"
EndProject
Project("{9A19103F-16F7-4668-BE54-9A1E7A4F7556}") = "CycleWhileReturnTwo", "CycleWhileReturnTwo\CycleWhileReturnTwo.csproj", "{4DA2403E-52A8-4C5D-B3AD-31E83BCA634A}"
EndProject
Project("{9A19103F-16F7-4668-BE54-9A1E7A4F7556}") = "CycleWhileReturnThree", "CycleWhileReturnThree\CycleWhileReturnThree.csproj", "{092B11B3-3FB9-4C82-8123-07B5DA336884}"
EndProject
Project("{9A19103F-16F7-4668-BE54-9A1E7A4F7556}") = "CycleWhileReturnFour", "CycleWhileReturnFour\CycleWhileReturnFour.csproj", "{DB0D2025-6455-4243-9580-F41A70BBABFE}"
EndProject
Project("{FAE04EC0-301F-11D3-BF4B-00C04F79EFBC}") = "CycleWhileReturnFive", "CycleWhileReturnFive\CycleWhileReturnFive.csproj", "{97B62253-4241-4A33-9E62-134C6DDF4608}"
EndProject
Global
	GlobalSection(SolutionConfigurationPlatforms) = preSolution
		Debug|Any CPU = Debug|Any CPU
		Release|Any CPU = Release|Any CPU
	EndGlobalSection
	GlobalSection(ProjectConfigurationPlatforms) = postSolution
		{E64D22A8-AF6B-43A8-9542-DE95A2B0A28C}.Debug|Any CPU.ActiveCfg = Debug|Any CPU
		{E64D22A8-AF6B-43A8-9542-DE95A2B0A28C}.Debug|Any CPU.Build.0 = Debug|Any CPU
		{E64D22A8-AF6B-43A8-9542-DE95A2B0A28C}.Release|Any CPU.ActiveCfg = Release|Any CPU
		{E64D22A8-AF6B-43A8-9542-DE95A2B0A28C}.Release|Any CPU.Build.0 = Release|Any CPU
		{4DA2403E-52A8-4C5D-B3AD-31E83BCA634A}.Debug|Any CPU.ActiveCfg = Debug|Any CPU
		{4DA2403E-52A8-4C5D-B3AD-31E83BCA634A}.Debug|Any CPU.Build.0 = Debug|Any CPU
		{4DA2403E-52A8-4C5D-B3AD-31E83BCA634A}.Release|Any CPU.ActiveCfg = Release|Any CPU
		{4DA2403E-52A8-4C5D-B3AD-31E83BCA634A}.Release|Any CPU.Build.0 = Release|Any CPU
		{092B11B3-3FB9-4C82-8123-07B5DA336884}.Debug|Any CPU.ActiveCfg = Debug|Any CPU
		{092B11B3-3FB9-4C82-8123-07B5DA336884}.Debug|Any CPU.Build.0 = Debug|Any CPU
		{092B11B3-3FB9-4C82-8123-07B5DA336884}.Release|Any CPU.ActiveCfg = Release|Any CPU
		{092B11B3-3FB9-4C82-8123-07B5DA336884}.Release|Any CPU.Build.0 = Release|Any CPU
		{DB0D2025-6455-4243-9580-F41A70BBABFE}.Debug|Any CPU.ActiveCfg = Debug|Any CPU
		{DB0D2025-6455-4243-9580-F41A70BBABFE}.Debug|Any CPU.Build.0 = Debug|Any CPU
		{DB0D2025-6455-4243-9580-F41A70BBABFE}.Release|Any CPU.ActiveCfg = Release|Any CPU
		{DB0D2025-6455-4243-9580-F41A70BBABFE}.Release|Any CPU.Build.0 = Release|Any CPU
		{97B62253-4241-4A33-9E62-134C6DDF4608}.Debug|Any CPU.ActiveCfg = Debug|Any CPU
		{97B62253-4241-4A33-9E62-134C6DDF4608}.Debug|Any CPU.Build.0 = Debug|Any CPU
		{97B62253-4241-4A33-9E62-134C6DDF4608}.Release|Any CPU.ActiveCfg = Release|Any CPU
		{97B62253-4241-4A33-9E62-134C6DDF4608}.Release|Any CPU.Build.0 = Release|Any CPU
	EndGlobalSection
	GlobalSection(SolutionProperties) = preSolution
		HideSolutionNode = FALSE
	EndGlobalSection
	GlobalSection(ExtensibilityGlobals) = postSolution
		SolutionGuid = {D6F11847-3783-48C4-8DFF-15D7754D40C8}
	EndGlobalSection
EndGlobal
